
Microsoft Visual Studio Solution File, Format Version 12.00
# Visual Studio Version 16
VisualStudioVersion = 16.0.31129.286
MinimumVisualStudioVersion = 10.0.40219.1
Project("{FAE04EC0-301F-11D3-BF4B-00C04F79EFBC}") = "MemoryLeakDemo", "MemoryleakDemo\MemoryLeakDemo.csproj", "{9442D471-F413-4BD3-B556-C8A2592F81D4}"
EndProject
Global
	GlobalSection(SolutionConfigurationPlatforms) = preSolution
		Debug|Any CPU = Debug|Any CPU
		Release|Any CPU = Release|Any CPU
	EndGlobalSection
	GlobalSection(ProjectConfigurationPlatforms) = postSolution
		{9442D471-F413-4BD3-B556-C8A2592F81D4}.Debug|Any CPU.ActiveCfg = Debug|Any CPU
		{9442D471-F413-4BD3-B556-C8A2592F81D4}.Debug|Any CPU.Build.0 = Debug|Any CPU
		{9442D471-F413-4BD3-B556-C8A2592F81D4}.Release|Any CPU.ActiveCfg = Release|Any CPU
		{9442D471-F413-4BD3-B556-C8A2592F81D4}.Release|Any CPU.Build.0 = Release|Any CPU
	EndGlobalSection
	GlobalSection(SolutionProperties) = preSolution
		HideSolutionNode = FALSE
	EndGlobalSection
	GlobalSection(ExtensibilityGlobals) = postSolution
		SolutionGuid = {A42B017B-9B25-4797-A7A0-6AD7B51D8C63}
	EndGlobalSection
EndGlobal
